[[package]]
name = "asgiref"
version = "3.3.4"
description = "ASGI specs, helper code, and adapters"
category = "main"
optional = false
python-versions = ">=3.6"

[package.extras]
tests = ["pytest", "pytest-asyncio", "mypy (>=0.800)"]

[[package]]
name = "bleach"
version = "3.3.0"
description = "An easy safelist-based HTML-sanitizing tool."
category = "main"
optional = false
python-versions = ">=2.7, !=3.0.*, !=3.1.*, !=3.2.*, !=3.3.*, !=3.4.*"

[package.dependencies]
packaging = "*"
six = ">=1.9.0"
webencodings = "*"

[[package]]
name = "certifi"
version = "2020.12.5"
description = "Python package for providing Mozilla's CA Bundle."
category = "main"
optional = false
python-versions = "*"

[[package]]
name = "cffi"
version = "1.14.5"
description = "Foreign Function Interface for Python calling C code."
category = "main"
optional = false
python-versions = "*"

[package.dependencies]
pycparser = "*"

[[package]]
name = "chardet"
version = "4.0.0"
description = "Universal encoding detector for Python 2 and 3"
category = "main"
optional = false
python-versions = ">=2.7, !=3.0.*, !=3.1.*, !=3.2.*, !=3.3.*, !=3.4.*"

[[package]]
name = "cryptography"
version = "3.4.7"
description = "cryptography is a package which provides cryptographic recipes and primitives to Python developers."
category = "main"
optional = false
python-versions = ">=3.6"

[package.dependencies]
cffi = ">=1.12"

[package.extras]
docs = ["sphinx (>=1.6.5,<1.8.0 || >1.8.0,<3.1.0 || >3.1.0,<3.1.1 || >3.1.1)", "sphinx-rtd-theme"]
docstest = ["doc8", "pyenchant (>=1.6.11)", "twine (>=1.12.0)", "sphinxcontrib-spelling (>=4.0.1)"]
pep8test = ["black", "flake8", "flake8-import-order", "pep8-naming"]
sdist = ["setuptools-rust (>=0.11.4)"]
ssh = ["bcrypt (>=3.1.5)"]
test = ["pytest (>=6.0)", "pytest-cov", "pytest-subtests", "pytest-xdist", "pretend", "iso8601", "pytz", "hypothesis (>=1.11.4,<3.79.2 || >3.79.2)"]

[[package]]
name = "django"
version = "3.2.2"
description = "A high-level Python Web framework that encourages rapid development and clean, pragmatic design."
category = "main"
optional = false
python-versions = ">=3.6"

[package.dependencies]
asgiref = ">=3.3.2,<4"
pytz = "*"
sqlparse = ">=0.2.2"

[package.extras]
argon2 = ["argon2-cffi (>=19.1.0)"]
bcrypt = ["bcrypt"]

[[package]]
name = "django-appconf"
version = "1.0.4"
description = "A helper class for handling configuration defaults of packaged apps gracefully."
category = "main"
optional = false
python-versions = "*"

[package.dependencies]
django = "*"

[[package]]
name = "django-compressor"
version = "2.4.1"
description = "Compresses linked and inline JavaScript or CSS into single cached files."
category = "main"
optional = false
python-versions = "*"

[package.dependencies]
django-appconf = ">=1.0.3"
rcssmin = "1.0.6"
rjsmin = "1.1.0"
six = ">=1.12.0"

[[package]]
name = "django-crispy-forms"
version = "1.11.2"
description = "Best way to have Django DRY forms"
category = "main"
optional = false
python-versions = ">=3.5"

[[package]]
name = "django-csp"
version = "3.7"
description = "Django Content Security Policy support."
category = "main"
optional = false
python-versions = "*"

[package.dependencies]
Django = ">=1.8"

[package.extras]
jinja2 = ["jinja2 (>=2.9.6)"]
tests = ["pytest (<4.0)", "pytest-django", "pytest-flakes (1.0.1)", "pytest-pep8 (1.0.6)", "pep8 (1.4.6)", "mock (1.0.1)", "six (1.12.0)", "jinja2 (>=2.9.6)"]

[[package]]
name = "django-dynamic-preferences"
version = "1.10.1"
description = "Dynamic global and instance settings for your django project"
category = "main"
optional = false
python-versions = "*"

[package.dependencies]
django = ">=1.11"
persisting-theory = ">=0.2.1"
six = "*"

[[package]]
name = "django-environ"
version = "0.4.5"
description = "Django-environ allows you to utilize 12factor inspired environment variables to configure your Django application."
category = "main"
optional = false
python-versions = "*"

[[package]]
name = "django-formset-js-improved"
version = "0.5.0.2"
description = "Extend Django formsets with JavaScript"
category = "main"
optional = false
python-versions = "*"

[package.dependencies]
Django = "*"
django-jquery-js = "*"

[[package]]
name = "django-guardian"
version = "2.3.0"
description = "Implementation of per object permissions for Django."
category = "main"
optional = false
python-versions = ">=3.5"

[package.dependencies]
Django = ">=2.2"

[[package]]
name = "django-ical"
version = "1.7.3"
description = "iCal feeds for Django based on Django's syndication feed framework."
category = "main"
optional = false
python-versions = "*"

[package.dependencies]
Django = ">=2.2"
django-recurrence = ">=1.10.0"
icalendar = ">=4.0.3"

[[package]]
name = "django-jquery-js"
version = "3.1.1"
description = "jQuery, bundled up so apps can depend upon it"
category = "main"
optional = false
python-versions = "*"

[package.dependencies]
Django = ">=1.4"

[[package]]
name = "django-polymorphic"
version = "3.0.0"
description = "Seamless polymorphic inheritance for Django models"
category = "main"
optional = false
python-versions = "*"

[package.dependencies]
Django = ">=2.1"

[[package]]
name = "django-recurrence"
version = "1.10.3"
description = "Django utility wrapping dateutil.rrule"
category = "main"
optional = false
python-versions = "*"

[package.dependencies]
Django = "*"
python-dateutil = "*"
pytz = "*"

[[package]]
name = "django-select2"
version = "7.7.1"
description = "Select2 option fields for Django"
category = "main"
optional = false
python-versions = "*"

[package.dependencies]
django = ">=2.2"
django-appconf = ">=0.6.0"

[package.extras]
test = ["pytest", "pytest-cov", "pytest-django", "selenium"]

[[package]]
name = "django-statici18n"
version = "2.0.1"
description = "A Django app that provides helper for generating Javascript catalog to static files."
category = "main"
optional = false
python-versions = "*"

[package.dependencies]
Django = ">=2.2"
django-appconf = ">=1.0"

[[package]]
name = "django-webpush"
version = "0.3.3"
description = "A simple Django package to integrate Web Push Notification in your Application"
category = "main"
optional = false
python-versions = "*"

[package.dependencies]
pywebpush = "1.9.4"

[[package]]
name = "ephios"
version = "0.7.2"
description = "ephios is a tool to manage shifts for medical services."
category = "main"
optional = false
python-versions = ">=3.8,<4.0"

[package.dependencies]
bleach = ">=3.2.1,<4.0.0"
django = ">=3.1,<4.0"
django-compressor = ">=2.4,<3.0"
django-crispy-forms = ">=1.11.1,<2.0.0"
django-csp = ">=3.7,<4.0"
django-dynamic-preferences = ">=1.10.1,<2.0.0"
django-environ = ">=0.4.5,<0.5.0"
django-formset-js-improved = ">=0.5.0,<0.6.0"
django-guardian = ">=2.3.0,<3.0.0"
django-ical = ">=1.7.1,<2.0.0"
django-polymorphic = ">=3.0.0,<4.0.0"
django-select2 = ">=7.4.2,<8.0.0"
django-statici18n = ">=2.0.1,<3.0.0"
django-webpush = ">=0.3.3,<0.4.0"
importlib-metadata = {version = ">=3.7.3,<5.0.0", markers = "python_version < \"3.9\""}
markdown = ">=3.2.2,<4.0.0"
reportlab = ">=3.5.51,<4.0.0"

[package.extras]
pgsql = ["psycopg2 (>=2.8.6,<3.0.0)"]
mysql = ["mysqlclient (>=2.0.1,<3.0.0)"]
redis = ["django-redis (>=4.12.1,<5.0.0)"]

[[package]]
name = "http-ece"
version = "1.1.0"
description = "Encrypted Content Encoding for HTTP"
category = "main"
optional = false
python-versions = "*"

[package.dependencies]
cryptography = ">=2.5"

[[package]]
name = "icalendar"
version = "4.0.7"
description = "iCalendar parser/generator"
category = "main"
optional = false
python-versions = ">=2.7, !=3.0.*, !=3.1.*, !=3.2.*, !=3.3.*"

[package.dependencies]
python-dateutil = "*"
pytz = "*"

[[package]]
name = "idna"
version = "2.10"
description = "Internationalized Domain Names in Applications (IDNA)"
category = "main"
optional = false
python-versions = ">=2.7, !=3.0.*, !=3.1.*, !=3.2.*, !=3.3.*"

[[package]]
name = "importlib-metadata"
version = "4.0.1"
description = "Read metadata from Python packages"
category = "main"
optional = false
python-versions = ">=3.6"

[package.dependencies]
zipp = ">=0.5"

[package.extras]
docs = ["sphinx", "jaraco.packaging (>=8.2)", "rst.linker (>=1.9)"]
testing = ["pytest (>=4.6)", "pytest-checkdocs (>=2.4)", "pytest-flake8", "pytest-cov", "pytest-enabler (>=1.0.1)", "packaging", "pep517", "pyfakefs", "flufl.flake8", "pytest-black (>=0.3.7)", "pytest-mypy", "importlib-resources (>=1.3)"]

[[package]]
name = "markdown"
version = "3.3.4"
description = "Python implementation of Markdown."
category = "main"
optional = false
python-versions = ">=3.6"

[package.extras]
testing = ["coverage", "pyyaml"]

[[package]]
name = "packaging"
version = "20.9"
description = "Core utilities for Python packages"
category = "main"
optional = false
python-versions = ">=2.7, !=3.0.*, !=3.1.*, !=3.2.*, !=3.3.*"

[package.dependencies]
pyparsing = ">=2.0.2"

[[package]]
name = "persisting-theory"
version = "0.2.1"
description = "Registries that can autodiscover values accross your project apps"
category = "main"
optional = false
python-versions = "*"

[[package]]
name = "pillow"
version = "8.2.0"
description = "Python Imaging Library (Fork)"
category = "main"
optional = false
python-versions = ">=3.6"

[[package]]
name = "py-vapid"
version = "1.8.2"
description = "Simple VAPID header generation library"
category = "main"
optional = false
python-versions = "*"

[package.dependencies]
cryptography = ">=2.5"

[[package]]
name = "pycparser"
version = "2.20"
description = "C parser in Python"
category = "main"
optional = false
python-versions = ">=2.7, !=3.0.*, !=3.1.*, !=3.2.*, !=3.3.*"

[[package]]
name = "pyparsing"
version = "2.4.7"
description = "Python parsing module"
category = "main"
optional = false
python-versions = ">=2.6, !=3.0.*, !=3.1.*, !=3.2.*"

[[package]]
name = "python-dateutil"
version = "2.8.1"
description = "Extensions to the standard Python datetime module"
category = "main"
optional = false
python-versions = "!=3.0.*,!=3.1.*,!=3.2.*,>=2.7"

[package.dependencies]
six = ">=1.5"

[[package]]
name = "pytz"
version = "2021.1"
description = "World timezone definitions, modern and historical"
category = "main"
optional = false
python-versions = "*"

[[package]]
name = "pywebpush"
version = "1.9.4"
description = "WebPush publication library"
category = "main"
optional = false
python-versions = "*"

[package.dependencies]
cryptography = ">=2.6.1"
http-ece = ">=1.1.0"
py-vapid = ">=1.5.0"
requests = ">=2.21.0"

[[package]]
name = "rcssmin"
version = "1.0.6"
description = "CSS Minifier"
category = "main"
optional = false
python-versions = "*"

[[package]]
name = "reportlab"
version = "3.5.67"
description = "The Reportlab Toolkit"
category = "main"
optional = false
python-versions = ">=2.7, >=3.6, <4"

[package.dependencies]
pillow = ">=4.0.0"

[package.extras]
rlpycairo = ["rlPyCairo (>=0.0.5)"]

[[package]]
name = "requests"
version = "2.25.1"
description = "Python HTTP for Humans."
category = "main"
optional = false
python-versions = ">=2.7, !=3.0.*, !=3.1.*, !=3.2.*, !=3.3.*, !=3.4.*"

[package.dependencies]
certifi = ">=2017.4.17"
chardet = ">=3.0.2,<5"
idna = ">=2.5,<3"
urllib3 = ">=1.21.1,<1.27"

[package.extras]
security = ["pyOpenSSL (>=0.14)", "cryptography (>=1.3.4)"]
socks = ["PySocks (>=1.5.6,<1.5.7 || >1.5.7)", "win-inet-pton"]

[[package]]
name = "rjsmin"
version = "1.1.0"
description = "Javascript Minifier"
category = "main"
optional = false
python-versions = "*"

[[package]]
name = "six"
version = "1.16.0"
description = "Python 2 and 3 compatibility utilities"
category = "main"
optional = false
python-versions = ">=2.7, !=3.0.*, !=3.1.*, !=3.2.*"

[[package]]
name = "sqlparse"
version = "0.4.1"
description = "A non-validating SQL parser."
category = "main"
optional = false
python-versions = ">=3.5"

[[package]]
name = "urllib3"
version = "1.26.4"
description = "HTTP library with thread-safe connection pooling, file post, and more."
category = "main"
optional = false
python-versions = ">=2.7, !=3.0.*, !=3.1.*, !=3.2.*, !=3.3.*, !=3.4.*, <4"

[package.extras]
secure = ["pyOpenSSL (>=0.14)", "cryptography (>=1.3.4)", "idna (>=2.0.0)", "certifi", "ipaddress"]
socks = ["PySocks (>=1.5.6,<1.5.7 || >1.5.7,<2.0)"]
brotli = ["brotlipy (>=0.6.0)"]

[[package]]
name = "webencodings"
version = "0.5.1"
description = "Character encoding aliases for legacy web content"
category = "main"
optional = false
python-versions = "*"

[[package]]
name = "zipp"
version = "3.4.1"
description = "Backport of pathlib-compatible object wrapper for zip files"
category = "main"
optional = false
python-versions = ">=3.6"

[package.extras]
docs = ["sphinx", "jaraco.packaging (>=8.2)", "rst.linker (>=1.9)"]
testing = ["pytest (>=4.6)", "pytest-checkdocs (>=1.2.3)", "pytest-flake8", "pytest-cov", "pytest-enabler", "jaraco.itertools", "func-timeout", "pytest-black (>=0.3.7)", "pytest-mypy"]

[metadata]
lock-version = "1.1"
python-versions = "^3.8"
content-hash = "97b9493d69c62e748f09dced5215a0a2d514ea7efb57547369aec492f482f70d"

[metadata.files]
asgiref = [
    {file = "asgiref-3.3.4-py3-none-any.whl", hash = "sha256:92906c611ce6c967347bbfea733f13d6313901d54dcca88195eaeb52b2a8e8ee"},
    {file = "asgiref-3.3.4.tar.gz", hash = "sha256:d1216dfbdfb63826470995d31caed36225dcaf34f182e0fa257a4dd9e86f1b78"},
]
bleach = [
    {file = "bleach-3.3.0-py2.py3-none-any.whl", hash = "sha256:6123ddc1052673e52bab52cdc955bcb57a015264a1c57d37bea2f6b817af0125"},
    {file = "bleach-3.3.0.tar.gz", hash = "sha256:98b3170739e5e83dd9dc19633f074727ad848cbedb6026708c8ac2d3b697a433"},
]
certifi = [
    {file = "certifi-2020.12.5-py2.py3-none-any.whl", hash = "sha256:719a74fb9e33b9bd44cc7f3a8d94bc35e4049deebe19ba7d8e108280cfd59830"},
    {file = "certifi-2020.12.5.tar.gz", hash = "sha256:1a4995114262bffbc2413b159f2a1a480c969de6e6eb13ee966d470af86af59c"},
]
cffi = [
    {file = "cffi-1.14.5-cp27-cp27m-macosx_10_9_x86_64.whl", hash = "sha256:bb89f306e5da99f4d922728ddcd6f7fcebb3241fc40edebcb7284d7514741991"},
    {file = "cffi-1.14.5-cp27-cp27m-manylinux1_i686.whl", hash = "sha256:34eff4b97f3d982fb93e2831e6750127d1355a923ebaeeb565407b3d2f8d41a1"},
    {file = "cffi-1.14.5-cp27-cp27m-manylinux1_x86_64.whl", hash = "sha256:99cd03ae7988a93dd00bcd9d0b75e1f6c426063d6f03d2f90b89e29b25b82dfa"},
    {file = "cffi-1.14.5-cp27-cp27m-win32.whl", hash = "sha256:65fa59693c62cf06e45ddbb822165394a288edce9e276647f0046e1ec26920f3"},
    {file = "cffi-1.14.5-cp27-cp27m-win_amd64.whl", hash = "sha256:51182f8927c5af975fece87b1b369f722c570fe169f9880764b1ee3bca8347b5"},
    {file = "cffi-1.14.5-cp27-cp27mu-manylinux1_i686.whl", hash = "sha256:43e0b9d9e2c9e5d152946b9c5fe062c151614b262fda2e7b201204de0b99e482"},
    {file = "cffi-1.14.5-cp27-cp27mu-manylinux1_x86_64.whl", hash = "sha256:cbde590d4faaa07c72bf979734738f328d239913ba3e043b1e98fe9a39f8b2b6"},
    {file = "cffi-1.14.5-cp35-cp35m-macosx_10_9_x86_64.whl", hash = "sha256:5de7970188bb46b7bf9858eb6890aad302577a5f6f75091fd7cdd3ef13ef3045"},
    {file = "cffi-1.14.5-cp35-cp35m-manylinux1_i686.whl", hash = "sha256:a465da611f6fa124963b91bf432d960a555563efe4ed1cc403ba5077b15370aa"},
    {file = "cffi-1.14.5-cp35-cp35m-manylinux1_x86_64.whl", hash = "sha256:d42b11d692e11b6634f7613ad8df5d6d5f8875f5d48939520d351007b3c13406"},
    {file = "cffi-1.14.5-cp35-cp35m-win32.whl", hash = "sha256:72d8d3ef52c208ee1c7b2e341f7d71c6fd3157138abf1a95166e6165dd5d4369"},
    {file = "cffi-1.14.5-cp35-cp35m-win_amd64.whl", hash = "sha256:29314480e958fd8aab22e4a58b355b629c59bf5f2ac2492b61e3dc06d8c7a315"},
    {file = "cffi-1.14.5-cp36-cp36m-macosx_10_9_x86_64.whl", hash = "sha256:3d3dd4c9e559eb172ecf00a2a7517e97d1e96de2a5e610bd9b68cea3925b4892"},
    {file = "cffi-1.14.5-cp36-cp36m-manylinux1_i686.whl", hash = "sha256:48e1c69bbacfc3d932221851b39d49e81567a4d4aac3b21258d9c24578280058"},
    {file = "cffi-1.14.5-cp36-cp36m-manylinux1_x86_64.whl", hash = "sha256:69e395c24fc60aad6bb4fa7e583698ea6cc684648e1ffb7fe85e3c1ca131a7d5"},
    {file = "cffi-1.14.5-cp36-cp36m-manylinux2014_aarch64.whl", hash = "sha256:9e93e79c2551ff263400e1e4be085a1210e12073a31c2011dbbda14bda0c6132"},
    {file = "cffi-1.14.5-cp36-cp36m-win32.whl", hash = "sha256:58e3f59d583d413809d60779492342801d6e82fefb89c86a38e040c16883be53"},
    {file = "cffi-1.14.5-cp36-cp36m-win_amd64.whl", hash = "sha256:005a36f41773e148deac64b08f233873a4d0c18b053d37da83f6af4d9087b813"},
    {file = "cffi-1.14.5-cp37-cp37m-macosx_10_9_x86_64.whl", hash = "sha256:2894f2df484ff56d717bead0a5c2abb6b9d2bf26d6960c4604d5c48bbc30ee73"},
    {file = "cffi-1.14.5-cp37-cp37m-manylinux1_i686.whl", hash = "sha256:0857f0ae312d855239a55c81ef453ee8fd24136eaba8e87a2eceba644c0d4c06"},
    {file = "cffi-1.14.5-cp37-cp37m-manylinux1_x86_64.whl", hash = "sha256:cd2868886d547469123fadc46eac7ea5253ea7fcb139f12e1dfc2bbd406427d1"},
    {file = "cffi-1.14.5-cp37-cp37m-manylinux2014_aarch64.whl", hash = "sha256:35f27e6eb43380fa080dccf676dece30bef72e4a67617ffda586641cd4508d49"},
    {file = "cffi-1.14.5-cp37-cp37m-win32.whl", hash = "sha256:9ff227395193126d82e60319a673a037d5de84633f11279e336f9c0f189ecc62"},
    {file = "cffi-1.14.5-cp37-cp37m-win_amd64.whl", hash = "sha256:9cf8022fb8d07a97c178b02327b284521c7708d7c71a9c9c355c178ac4bbd3d4"},
    {file = "cffi-1.14.5-cp38-cp38-macosx_10_9_x86_64.whl", hash = "sha256:8b198cec6c72df5289c05b05b8b0969819783f9418e0409865dac47288d2a053"},
    {file = "cffi-1.14.5-cp38-cp38-manylinux1_i686.whl", hash = "sha256:ad17025d226ee5beec591b52800c11680fca3df50b8b29fe51d882576e039ee0"},
    {file = "cffi-1.14.5-cp38-cp38-manylinux1_x86_64.whl", hash = "sha256:6c97d7350133666fbb5cf4abdc1178c812cb205dc6f41d174a7b0f18fb93337e"},
    {file = "cffi-1.14.5-cp38-cp38-manylinux2014_aarch64.whl", hash = "sha256:8ae6299f6c68de06f136f1f9e69458eae58f1dacf10af5c17353eae03aa0d827"},
    {file = "cffi-1.14.5-cp38-cp38-win32.whl", hash = "sha256:b85eb46a81787c50650f2392b9b4ef23e1f126313b9e0e9013b35c15e4288e2e"},
    {file = "cffi-1.14.5-cp38-cp38-win_amd64.whl", hash = "sha256:1f436816fc868b098b0d63b8920de7d208c90a67212546d02f84fe78a9c26396"},
    {file = "cffi-1.14.5-cp39-cp39-macosx_10_9_x86_64.whl", hash = "sha256:1071534bbbf8cbb31b498d5d9db0f274f2f7a865adca4ae429e147ba40f73dea"},
    {file = "cffi-1.14.5-cp39-cp39-manylinux1_i686.whl", hash = "sha256:9de2e279153a443c656f2defd67769e6d1e4163952b3c622dcea5b08a6405322"},
    {file = "cffi-1.14.5-cp39-cp39-manylinux1_x86_64.whl", hash = "sha256:6e4714cc64f474e4d6e37cfff31a814b509a35cb17de4fb1999907575684479c"},
    {file = "cffi-1.14.5-cp39-cp39-manylinux2014_aarch64.whl", hash = "sha256:158d0d15119b4b7ff6b926536763dc0714313aa59e320ddf787502c70c4d4bee"},
    {file = "cffi-1.14.5-cp39-cp39-win32.whl", hash = "sha256:afb29c1ba2e5a3736f1c301d9d0abe3ec8b86957d04ddfa9d7a6a42b9367e396"},
    {file = "cffi-1.14.5-cp39-cp39-win_amd64.whl", hash = "sha256:f2d45f97ab6bb54753eab54fffe75aaf3de4ff2341c9daee1987ee1837636f1d"},
    {file = "cffi-1.14.5.tar.gz", hash = "sha256:fd78e5fee591709f32ef6edb9a015b4aa1a5022598e36227500c8f4e02328d9c"},
]
chardet = [
    {file = "chardet-4.0.0-py2.py3-none-any.whl", hash = "sha256:f864054d66fd9118f2e67044ac8981a54775ec5b67aed0441892edb553d21da5"},
    {file = "chardet-4.0.0.tar.gz", hash = "sha256:0d6f53a15db4120f2b08c94f11e7d93d2c911ee118b6b30a04ec3ee8310179fa"},
]
cryptography = [
    {file = "cryptography-3.4.7-cp36-abi3-macosx_10_10_x86_64.whl", hash = "sha256:3d8427734c781ea5f1b41d6589c293089704d4759e34597dce91014ac125aad1"},
    {file = "cryptography-3.4.7-cp36-abi3-macosx_11_0_arm64.whl", hash = "sha256:8e56e16617872b0957d1c9742a3f94b43533447fd78321514abbe7db216aa250"},
    {file = "cryptography-3.4.7-cp36-abi3-manylinux2010_x86_64.whl", hash = "sha256:37340614f8a5d2fb9aeea67fd159bfe4f5f4ed535b1090ce8ec428b2f15a11f2"},
    {file = "cryptography-3.4.7-cp36-abi3-manylinux2014_aarch64.whl", hash = "sha256:240f5c21aef0b73f40bb9f78d2caff73186700bf1bc6b94285699aff98cc16c6"},
    {file = "cryptography-3.4.7-cp36-abi3-manylinux2014_x86_64.whl", hash = "sha256:1e056c28420c072c5e3cb36e2b23ee55e260cb04eee08f702e0edfec3fb51959"},
    {file = "cryptography-3.4.7-cp36-abi3-win32.whl", hash = "sha256:0f1212a66329c80d68aeeb39b8a16d54ef57071bf22ff4e521657b27372e327d"},
    {file = "cryptography-3.4.7-cp36-abi3-win_amd64.whl", hash = "sha256:de4e5f7f68220d92b7637fc99847475b59154b7a1b3868fb7385337af54ac9ca"},
    {file = "cryptography-3.4.7-pp36-pypy36_pp73-manylinux2010_x86_64.whl", hash = "sha256:26965837447f9c82f1855e0bc8bc4fb910240b6e0d16a664bb722df3b5b06873"},
    {file = "cryptography-3.4.7-pp36-pypy36_pp73-manylinux2014_x86_64.whl", hash = "sha256:eb8cc2afe8b05acbd84a43905832ec78e7b3873fb124ca190f574dca7389a87d"},
    {file = "cryptography-3.4.7-pp37-pypy37_pp73-manylinux2010_x86_64.whl", hash = "sha256:7ec5d3b029f5fa2b179325908b9cd93db28ab7b85bb6c1db56b10e0b54235177"},
    {file = "cryptography-3.4.7-pp37-pypy37_pp73-manylinux2014_x86_64.whl", hash = "sha256:ee77aa129f481be46f8d92a1a7db57269a2f23052d5f2433b4621bb457081cc9"},
    {file = "cryptography-3.4.7.tar.gz", hash = "sha256:3d10de8116d25649631977cb37da6cbdd2d6fa0e0281d014a5b7d337255ca713"},
]
django = [
    {file = "Django-3.2.2-py3-none-any.whl", hash = "sha256:18dd3145ddbd04bf189ff79b9954d08fda5171ea7b57bf705789fea766a07d50"},
    {file = "Django-3.2.2.tar.gz", hash = "sha256:0a1d195ad65c52bf275b8277b3d49680bd1137a5f55039a806f25f6b9752ce3d"},
]
django-appconf = [
    {file = "django-appconf-1.0.4.tar.gz", hash = "sha256:be58deb54a43d77d2e1621fe59f787681376d3cd0b8bd8e4758ef6c3a6453380"},
    {file = "django_appconf-1.0.4-py2.py3-none-any.whl", hash = "sha256:1b1d0e1069c843ebe8ae5aa48ec52403b1440402b320c3e3a206a0907e97bb06"},
]
django-compressor = [
    {file = "django_compressor-2.4.1-py2.py3-none-any.whl", hash = "sha256:f8313f59d5e65712fc28787d084fe834997c9dfa92d064a1a3ec3d3366594d04"},
    {file = "django_compressor-2.4.1.tar.gz", hash = "sha256:3358077605c146fdcca5f9eaffb50aa5dbe15f238f8854679115ebf31c0415e0"},
]
django-crispy-forms = [
    {file = "django-crispy-forms-1.11.2.tar.gz", hash = "sha256:88efa857ce6111bd696cc4f74057539a3456102fe9c3a3ece8868e1e4579e70a"},
    {file = "django_crispy_forms-1.11.2-py3-none-any.whl", hash = "sha256:3db71ab06d17ec9d0195c086d3ad454da300ac268752ac3a4f63d72f7a490254"},
]
django-csp = [
    {file = "django_csp-3.7-py2.py3-none-any.whl", hash = "sha256:01443a07723f9a479d498bd7bb63571aaa771e690f64bde515db6cdb76e8041a"},
    {file = "django_csp-3.7.tar.gz", hash = "sha256:01eda02ad3f10261c74131cdc0b5a6a62b7c7ad4fd017fbefb7a14776e0a9727"},
]
django-dynamic-preferences = [
    {file = "django-dynamic-preferences-1.10.1.tar.gz", hash = "sha256:e4b2bb7b2563c5064ba56dd76441c77e06b850ff1466a386a1cd308909a6c7de"},
    {file = "django_dynamic_preferences-1.10.1-py2.py3-none-any.whl", hash = "sha256:9419fa925fd2cbb665269ae72059eb3058bf080913d853419b827e4e7a141902"},
]
django-environ = [
    {file = "django-environ-0.4.5.tar.gz", hash = "sha256:6c9d87660142608f63ec7d5ce5564c49b603ea8ff25da595fd6098f6dc82afde"},
    {file = "django_environ-0.4.5-py2.py3-none-any.whl", hash = "sha256:c57b3c11ec1f319d9474e3e5a79134f40174b17c7cc024bbb2fad84646b120c4"},
]
django-formset-js-improved = [
    {file = "django-formset-js-improved-0.5.0.2.tar.gz", hash = "sha256:251649ca389144728359b57d5845c601b3420fdafa2e4634668de614e14953ce"},
]
django-guardian = [
    {file = "django-guardian-2.3.0.tar.gz", hash = "sha256:ed2de26e4defb800919c5749fb1bbe370d72829fbd72895b6cf4f7f1a7607e1b"},
    {file = "django_guardian-2.3.0-py3-none-any.whl", hash = "sha256:0e70706c6cda88ddaf8849bddb525b8df49de05ba0798d4b3506049f0d95cbc8"},
]
django-ical = [
    {file = "django-ical-1.7.3.tar.gz", hash = "sha256:bd5c874d2eb81329f220174cc0dde7be385f4574ce6c8a2d1579d7fd564a94f3"},
    {file = "django_ical-1.7.3-py2.py3-none-any.whl", hash = "sha256:6df4dc61eb4abc55816bd16a949e497bea99828c7de648438ace7f1f85eeb405"},
]
django-jquery-js = [
    {file = "django-jquery-js-3.1.1.tar.gz", hash = "sha256:308e6472801f89be7c02fa3d06bea6470cfbcab8287db80c64b1093717b8eea9"},
]
django-polymorphic = [
    {file = "django-polymorphic-3.0.0.tar.gz", hash = "sha256:9d886f19f031d26bb1391c055ed9be06fb226a04a4cec1842b372c58873b3caa"},
    {file = "django_polymorphic-3.0.0-py2.py3-none-any.whl", hash = "sha256:73b75eb44ea302bd32820f8661e469509d245ce7f7ff09cd2ad149e5c42034ff"},
]
django-recurrence = [
    {file = "django-recurrence-1.10.3.tar.gz", hash = "sha256:715f681f6af029ff3a8d73c7b1460abd8cbc5d5a5001efcb127032e84d9cb963"},
    {file = "django_recurrence-1.10.3-py3-none-any.whl", hash = "sha256:9053b44b78b7fbfe3530673edfdd6d2f562105f8a192bc6a4b906a3df4f95f59"},
]
django-select2 = [
    {file = "django-select2-7.7.1.tar.gz", hash = "sha256:dd091342e99436818b3fa98783ae6c24fb2a0cbc37ebd3faa0aef68422b6e416"},
    {file = "django_select2-7.7.1-py2.py3-none-any.whl", hash = "sha256:8c54984bb931d842eab6a46d1b427c6883e5f5347529cda27dcd942fb37d87b9"},
]
django-statici18n = [
    {file = "django-statici18n-2.0.1.tar.gz", hash = "sha256:57a343aa907cd1f1d284c9697f7f2906318b39a3e9bb3af08a562df973741c33"},
    {file = "django_statici18n-2.0.1-py2.py3-none-any.whl", hash = "sha256:dfa75d119ada7ab27b0f479a3f029cde476071b733fe9a89d270b7a890a2355d"},
]
django-webpush = [
    {file = "django-webpush-0.3.3.tar.gz", hash = "sha256:14e3ecdd400d12eab9018206a40691bc549e78130ff2de36716b118fd80cf680"},
    {file = "django_webpush-0.3.3-py3-none-any.whl", hash = "sha256:09d315a0268eb56fba2d89f7a3298d647f0a82febf5428721dd1576e38c960ae"},
]
ephios = [
    {file = "ephios-0.7.2-py3-none-any.whl", hash = "sha256:19bbf9d3d68136afb475113b8e47dd6f5a945ac5993e59a5b0e0854b7296e3f3"},
    {file = "ephios-0.7.2.tar.gz", hash = "sha256:ed8a6e1151e0c40a4794955e36a6b4919fad864f52f85f4563e386bf9013a17f"},
]
http-ece = [
    {file = "http_ece-1.1.0.tar.gz", hash = "sha256:932ebc2fa7c216954c320a188ae9c1f04d01e67bec9cdce1bfbc912813b0b4f8"},
]
icalendar = [
    {file = "icalendar-4.0.7-py2.py3-none-any.whl", hash = "sha256:8c35be16c1d0581a276002af883297aeffa8116e366fdce4d5318e1424aa1903"},
    {file = "icalendar-4.0.7.tar.gz", hash = "sha256:0fc18d87f66e0b5da84fa731389496cfe18e4c21304e8f6713556b2e8724a7a4"},
]
idna = [
    {file = "idna-2.10-py2.py3-none-any.whl", hash = "sha256:b97d804b1e9b523befed77c48dacec60e6dcb0b5391d57af6a65a312a90648c0"},
    {file = "idna-2.10.tar.gz", hash = "sha256:b307872f855b18632ce0c21c5e45be78c0ea7ae4c15c828c20788b26921eb3f6"},
]
importlib-metadata = [
    {file = "importlib_metadata-4.0.1-py3-none-any.whl", hash = "sha256:d7eb1dea6d6a6086f8be21784cc9e3bcfa55872b52309bc5fad53a8ea444465d"},
    {file = "importlib_metadata-4.0.1.tar.gz", hash = "sha256:8c501196e49fb9df5df43833bdb1e4328f64847763ec8a50703148b73784d581"},
]
markdown = [
    {file = "Markdown-3.3.4-py3-none-any.whl", hash = "sha256:96c3ba1261de2f7547b46a00ea8463832c921d3f9d6aba3f255a6f71386db20c"},
    {file = "Markdown-3.3.4.tar.gz", hash = "sha256:31b5b491868dcc87d6c24b7e3d19a0d730d59d3e46f4eea6430a321bed387a49"},
]
packaging = [
    {file = "packaging-20.9-py2.py3-none-any.whl", hash = "sha256:67714da7f7bc052e064859c05c595155bd1ee9f69f76557e21f051443c20947a"},
    {file = "packaging-20.9.tar.gz", hash = "sha256:5b327ac1320dc863dca72f4514ecc086f31186744b84a230374cc1fd776feae5"},
]
persisting-theory = [
    {file = "persisting-theory-0.2.1.tar.gz", hash = "sha256:00ff7dcc8f481ff75c770ca5797d968e8725b6df1f77fe0cf7d20fa1e5790c0a"},
]
pillow = [
    {file = "Pillow-8.2.0-cp36-cp36m-macosx_10_10_x86_64.whl", hash = "sha256:dc38f57d8f20f06dd7c3161c59ca2c86893632623f33a42d592f097b00f720a9"},
    {file = "Pillow-8.2.0-cp36-cp36m-manylinux1_i686.whl", hash = "sha256:a013cbe25d20c2e0c4e85a9daf438f85121a4d0344ddc76e33fd7e3965d9af4b"},
    {file = "Pillow-8.2.0-cp36-cp36m-manylinux1_x86_64.whl", hash = "sha256:8bb1e155a74e1bfbacd84555ea62fa21c58e0b4e7e6b20e4447b8d07990ac78b"},
    {file = "Pillow-8.2.0-cp36-cp36m-manylinux2014_aarch64.whl", hash = "sha256:c5236606e8570542ed424849f7852a0ff0bce2c4c8d0ba05cc202a5a9c97dee9"},
    {file = "Pillow-8.2.0-cp36-cp36m-win32.whl", hash = "sha256:12e5e7471f9b637762453da74e390e56cc43e486a88289995c1f4c1dc0bfe727"},
    {file = "Pillow-8.2.0-cp36-cp36m-win_amd64.whl", hash = "sha256:5afe6b237a0b81bd54b53f835a153770802f164c5570bab5e005aad693dab87f"},
    {file = "Pillow-8.2.0-cp37-cp37m-macosx_10_10_x86_64.whl", hash = "sha256:cb7a09e173903541fa888ba010c345893cd9fc1b5891aaf060f6ca77b6a3722d"},
    {file = "Pillow-8.2.0-cp37-cp37m-manylinux1_i686.whl", hash = "sha256:0d19d70ee7c2ba97631bae1e7d4725cdb2ecf238178096e8c82ee481e189168a"},
    {file = "Pillow-8.2.0-cp37-cp37m-manylinux1_x86_64.whl", hash = "sha256:083781abd261bdabf090ad07bb69f8f5599943ddb539d64497ed021b2a67e5a9"},
    {file = "Pillow-8.2.0-cp37-cp37m-manylinux2014_aarch64.whl", hash = "sha256:c6b39294464b03457f9064e98c124e09008b35a62e3189d3513e5148611c9388"},
    {file = "Pillow-8.2.0-cp37-cp37m-win32.whl", hash = "sha256:01425106e4e8cee195a411f729cff2a7d61813b0b11737c12bd5991f5f14bcd5"},
    {file = "Pillow-8.2.0-cp37-cp37m-win_amd64.whl", hash = "sha256:3b570f84a6161cf8865c4e08adf629441f56e32f180f7aa4ccbd2e0a5a02cba2"},
    {file = "Pillow-8.2.0-cp38-cp38-macosx_10_10_x86_64.whl", hash = "sha256:031a6c88c77d08aab84fecc05c3cde8414cd6f8406f4d2b16fed1e97634cc8a4"},
    {file = "Pillow-8.2.0-cp38-cp38-manylinux1_i686.whl", hash = "sha256:66cc56579fd91f517290ab02c51e3a80f581aba45fd924fcdee01fa06e635812"},
    {file = "Pillow-8.2.0-cp38-cp38-manylinux1_x86_64.whl", hash = "sha256:6c32cc3145928c4305d142ebec682419a6c0a8ce9e33db900027ddca1ec39178"},
    {file = "Pillow-8.2.0-cp38-cp38-manylinux2014_aarch64.whl", hash = "sha256:624b977355cde8b065f6d51b98497d6cd5fbdd4f36405f7a8790e3376125e2bb"},
    {file = "Pillow-8.2.0-cp38-cp38-win32.whl", hash = "sha256:5cbf3e3b1014dddc45496e8cf38b9f099c95a326275885199f427825c6522232"},
    {file = "Pillow-8.2.0-cp38-cp38-win_amd64.whl", hash = "sha256:463822e2f0d81459e113372a168f2ff59723e78528f91f0bd25680ac185cf797"},
    {file = "Pillow-8.2.0-cp39-cp39-macosx_10_10_x86_64.whl", hash = "sha256:95d5ef984eff897850f3a83883363da64aae1000e79cb3c321915468e8c6add5"},
    {file = "Pillow-8.2.0-cp39-cp39-macosx_11_0_arm64.whl", hash = "sha256:b91c36492a4bbb1ee855b7d16fe51379e5f96b85692dc8210831fbb24c43e484"},
    {file = "Pillow-8.2.0-cp39-cp39-manylinux1_i686.whl", hash = "sha256:d68cb92c408261f806b15923834203f024110a2e2872ecb0bd2a110f89d3c602"},
    {file = "Pillow-8.2.0-cp39-cp39-manylinux1_x86_64.whl", hash = "sha256:f217c3954ce5fd88303fc0c317af55d5e0204106d86dea17eb8205700d47dec2"},
    {file = "Pillow-8.2.0-cp39-cp39-manylinux2014_aarch64.whl", hash = "sha256:5b70110acb39f3aff6b74cf09bb4169b167e2660dabc304c1e25b6555fa781ef"},
    {file = "Pillow-8.2.0-cp39-cp39-win32.whl", hash = "sha256:a7d5e9fad90eff8f6f6106d3b98b553a88b6f976e51fce287192a5d2d5363713"},
    {file = "Pillow-8.2.0-cp39-cp39-win_amd64.whl", hash = "sha256:238c197fc275b475e87c1453b05b467d2d02c2915fdfdd4af126145ff2e4610c"},
    {file = "Pillow-8.2.0-pp36-pypy36_pp73-macosx_10_10_x86_64.whl", hash = "sha256:0e04d61f0064b545b989126197930807c86bcbd4534d39168f4aa5fda39bb8f9"},
    {file = "Pillow-8.2.0-pp36-pypy36_pp73-manylinux2010_i686.whl", hash = "sha256:63728564c1410d99e6d1ae8e3b810fe012bc440952168af0a2877e8ff5ab96b9"},
    {file = "Pillow-8.2.0-pp36-pypy36_pp73-manylinux2010_x86_64.whl", hash = "sha256:c03c07ed32c5324939b19e36ae5f75c660c81461e312a41aea30acdd46f93a7c"},
    {file = "Pillow-8.2.0-pp37-pypy37_pp73-macosx_10_10_x86_64.whl", hash = "sha256:4d98abdd6b1e3bf1a1cbb14c3895226816e666749ac040c4e2554231068c639b"},
    {file = "Pillow-8.2.0-pp37-pypy37_pp73-manylinux2010_i686.whl", hash = "sha256:aac00e4bc94d1b7813fe882c28990c1bc2f9d0e1aa765a5f2b516e8a6a16a9e4"},
    {file = "Pillow-8.2.0-pp37-pypy37_pp73-manylinux2010_x86_64.whl", hash = "sha256:22fd0f42ad15dfdde6c581347eaa4adb9a6fc4b865f90b23378aa7914895e120"},
    {file = "Pillow-8.2.0-pp37-pypy37_pp73-win32.whl", hash = "sha256:e98eca29a05913e82177b3ba3d198b1728e164869c613d76d0de4bde6768a50e"},
    {file = "Pillow-8.2.0.tar.gz", hash = "sha256:a787ab10d7bb5494e5f76536ac460741788f1fbce851068d73a87ca7c35fc3e1"},
]
py-vapid = [
    {file = "py-vapid-1.8.2.tar.gz", hash = "sha256:874f21910f2103c56228cded941d6e733dd8f1eb12876137919533bfacb65a48"},
]
pycparser = [
    {file = "pycparser-2.20-py2.py3-none-any.whl", hash = "sha256:7582ad22678f0fcd81102833f60ef8d0e57288b6b5fb00323d101be910e35705"},
    {file = "pycparser-2.20.tar.gz", hash = "sha256:2d475327684562c3a96cc71adf7dc8c4f0565175cf86b6d7a404ff4c771f15f0"},
]
pyparsing = [
    {file = "pyparsing-2.4.7-py2.py3-none-any.whl", hash = "sha256:ef9d7589ef3c200abe66653d3f1ab1033c3c419ae9b9bdb1240a85b024efc88b"},
    {file = "pyparsing-2.4.7.tar.gz", hash = "sha256:c203ec8783bf771a155b207279b9bccb8dea02d8f0c9e5f8ead507bc3246ecc1"},
]
python-dateutil = [
    {file = "python-dateutil-2.8.1.tar.gz", hash = "sha256:73ebfe9dbf22e832286dafa60473e4cd239f8592f699aa5adaf10050e6e1823c"},
    {file = "python_dateutil-2.8.1-py2.py3-none-any.whl", hash = "sha256:75bb3f31ea686f1197762692a9ee6a7550b59fc6ca3a1f4b5d7e32fb98e2da2a"},
]
pytz = [
    {file = "pytz-2021.1-py2.py3-none-any.whl", hash = "sha256:eb10ce3e7736052ed3623d49975ce333bcd712c7bb19a58b9e2089d4057d0798"},
    {file = "pytz-2021.1.tar.gz", hash = "sha256:83a4a90894bf38e243cf052c8b58f381bfe9a7a483f6a9cab140bc7f702ac4da"},
]
pywebpush = [
    {file = "pywebpush-1.9.4.tar.gz", hash = "sha256:e3ded57c9715159f64a5624a656791ee9228b9e076ea0208baa73b53be8c130f"},
]
rcssmin = [
    {file = "rcssmin-1.0.6.tar.gz", hash = "sha256:ca87b695d3d7864157773a61263e5abb96006e9ff0e021eff90cbe0e1ba18270"},
]
reportlab = [
    {file = "reportlab-3.5.67-cp36-cp36m-macosx_10_10_x86_64.whl", hash = "sha256:51a2d5de2c605117cd25dfb3f51d1d14caf1cbed4ef6db582f085eeb0a0c922f"},
    {file = "reportlab-3.5.67-cp36-cp36m-manylinux1_i686.whl", hash = "sha256:34d827c771d6b4d7b45f7fc49a638c97fbd8a0fab6c9d3838ff04d307420b739"},
    {file = "reportlab-3.5.67-cp36-cp36m-manylinux1_x86_64.whl", hash = "sha256:e4b9b443e88735be4927529d66d9e1164b4fbd6a882e90114967eedc6ad608e7"},
    {file = "reportlab-3.5.67-cp36-cp36m-manylinux2010_i686.whl", hash = "sha256:9517f26a512a62d49fc4800222b306e21a14ceec8bd82c93182313ef1eefaa7a"},
    {file = "reportlab-3.5.67-cp36-cp36m-manylinux2010_x86_64.whl", hash = "sha256:5c483c96d4cbeb4919ad9fcf2f262e8e08e34dcbcf8d2bda16263ef002c890d4"},
    {file = "reportlab-3.5.67-cp36-cp36m-win32.whl", hash = "sha256:9989737a409235a734ec783b0545f2966247b26ff555e847f3d0f945e5a11493"},
    {file = "reportlab-3.5.67-cp36-cp36m-win_amd64.whl", hash = "sha256:e2b47a8e0126ec0a3820a2e299a94a6fc29ba132249957dd32c447d380eaae5f"},
    {file = "reportlab-3.5.67-cp37-cp37m-macosx_10_10_x86_64.whl", hash = "sha256:8cd355f8a4c7c126a246f4b4a9803c80498939709bb37d3db4f8dbee1eb7d8f0"},
    {file = "reportlab-3.5.67-cp37-cp37m-manylinux1_i686.whl", hash = "sha256:0d670e119d7f7a68a1136de024464999e8e3d5d1491f23cdd39d5d72481af88f"},
    {file = "reportlab-3.5.67-cp37-cp37m-manylinux1_x86_64.whl", hash = "sha256:df2784a474028b15a723f6b347625f1f91740de418bed4a0a2694c954de34dd7"},
    {file = "reportlab-3.5.67-cp37-cp37m-manylinux2010_i686.whl", hash = "sha256:9c0d71aef4fb5d30dc6ebd08a2bce317a7eaf37d468f85320947eb580daea90a"},
    {file = "reportlab-3.5.67-cp37-cp37m-manylinux2010_x86_64.whl", hash = "sha256:b2b72a0742a493979c348dc3c9a329bd5b87e4243ffecf837b1c8739d58410ba"},
    {file = "reportlab-3.5.67-cp37-cp37m-win32.whl", hash = "sha256:1e41b441542881e007420530bbc028f08c0f546ecaaebdf9f065f901acdac106"},
    {file = "reportlab-3.5.67-cp37-cp37m-win_amd64.whl", hash = "sha256:6a3119d0e985e5c7dadfcf29fb79bbab19806b08ad901622b23f5868c0221fce"},
    {file = "reportlab-3.5.67-cp38-cp38-macosx_10_10_x86_64.whl", hash = "sha256:bda784ebb116d56d3e7133c8e0942cf68cb7fd58bdccf57231dbe56b6430eb01"},
    {file = "reportlab-3.5.67-cp38-cp38-manylinux1_i686.whl", hash = "sha256:55ef4476b2cdecfa643ae4d7591aa157568f903c378c83ea544650b33b2d856d"},
    {file = "reportlab-3.5.67-cp38-cp38-manylinux1_x86_64.whl", hash = "sha256:72bb5417f198eb059f01d5a9e1ef80f2fbaf3eaa4cd63e9a681bbbd0ed9fcdf9"},
    {file = "reportlab-3.5.67-cp38-cp38-manylinux2010_i686.whl", hash = "sha256:519ef25d49fe807c6c0402abb5fe4d14b47a8e2358050d8d7673beecfbe116b2"},
    {file = "reportlab-3.5.67-cp38-cp38-manylinux2010_x86_64.whl", hash = "sha256:9d48fd4a1c2d98ec6686511717f0980d36f5590e038d5afe4e5241f328f06e38"},
    {file = "reportlab-3.5.67-cp38-cp38-win32.whl", hash = "sha256:9945e80a0a6e370f90a23907cc70a0811e808f79420fb9051e26d9c79eb8e26b"},
    {file = "reportlab-3.5.67-cp38-cp38-win_amd64.whl", hash = "sha256:370c5225f0c395a9f1482ac8d4f974d2073548f186eaf49ceb91414f534ad4d8"},
    {file = "reportlab-3.5.67-cp39-cp39-macosx_10_10_x86_64.whl", hash = "sha256:42b90b0cb3556f4d1cc1c538345abc249b6ff58939d3af5e37f5fa8421d9ae07"},
    {file = "reportlab-3.5.67-cp39-cp39-manylinux1_i686.whl", hash = "sha256:5b4acfb15ca028bbc652a6c8d63073dec2a3c8c0db7585d68b96b52940f65899"},
    {file = "reportlab-3.5.67-cp39-cp39-manylinux1_x86_64.whl", hash = "sha256:492bd47aabeaa3215cde7a8d3c0d88c909bf7e6b63f0b511a645f1ffc1e948f6"},
    {file = "reportlab-3.5.67-cp39-cp39-manylinux2010_i686.whl", hash = "sha256:af12fbff15a9652ef117456d1d6a4d6fade8fdc02670d6fd31212402e9d03559"},
    {file = "reportlab-3.5.67-cp39-cp39-manylinux2010_x86_64.whl", hash = "sha256:5c931032aa955431c808e469eb0780ca7d12b39228a02ae7ea09f63d47b1e260"},
    {file = "reportlab-3.5.67-cp39-cp39-win32.whl", hash = "sha256:4c5785b018ed6f48e762737deaa6b7528b0ba43ad67fca566bf10d0337a76dcd"},
    {file = "reportlab-3.5.67-cp39-cp39-win_amd64.whl", hash = "sha256:1656722530b3bbce012b093abf6290ab76dcba39d21f9e703310b008ddc7ffe9"},
    {file = "reportlab-3.5.67.tar.gz", hash = "sha256:0cf2206c73fbca752c8bd39e12bb9ad7f2d01e6fcb2b25b9eaf94ea042fe86c9"},
]
requests = [
    {file = "requests-2.25.1-py2.py3-none-any.whl", hash = "sha256:c210084e36a42ae6b9219e00e48287def368a26d03a048ddad7bfee44f75871e"},
    {file = "requests-2.25.1.tar.gz", hash = "sha256:27973dd4a904a4f13b263a19c866c13b92a39ed1c964655f025f3f8d3d75b804"},
]
rjsmin = [
    {file = "rjsmin-1.1.0-cp27-cp27m-manylinux1_i686.whl", hash = "sha256:799890bd07a048892d8d3deb9042dbc20b7f5d0eb7da91e9483c561033b23ce2"},
    {file = "rjsmin-1.1.0-cp27-cp27m-manylinux1_x86_64.whl", hash = "sha256:211c2fe8298951663bbc02acdffbf714f6793df54bfc50e1c6c9e71b3f2559a3"},
    {file = "rjsmin-1.1.0-cp27-cp27mu-manylinux1_i686.whl", hash = "sha256:585e75a84d9199b68056fd4a083d9a61e2a92dfd10ff6d4ce5bdb04bc3bdbfaf"},
    {file = "rjsmin-1.1.0-cp27-cp27mu-manylinux1_x86_64.whl", hash = "sha256:e487a7783ac4339e79ec610b98228eb9ac72178973e3dee16eba0e3feef25924"},
    {file = "rjsmin-1.1.0-cp34-cp34m-manylinux1_i686.whl", hash = "sha256:0ab825839125eaca57cc59581d72e596e58a7a56fbc0839996b7528f0343a0a8"},
    {file = "rjsmin-1.1.0-cp34-cp34m-manylinux1_x86_64.whl", hash = "sha256:6044ca86e917cd5bb2f95e6679a4192cef812122f28ee08c677513de019629b3"},
    {file = "rjsmin-1.1.0-cp35-cp35m-manylinux1_i686.whl", hash = "sha256:ecd29f1b3e66a4c0753105baec262b331bcbceefc22fbe6f7e8bcd2067bcb4d7"},
    {file = "rjsmin-1.1.0-cp35-cp35m-manylinux1_x86_64.whl", hash = "sha256:975b69754d6a76be47c0bead12367a1ca9220d08e5393f80bab0230d4625d1f4"},
    {file = "rjsmin-1.1.0-cp36-cp36m-manylinux1_i686.whl", hash = "sha256:466fe70cc5647c7c51b3260c7e2e323a98b2b173564247f9c89e977720a0645f"},
    {file = "rjsmin-1.1.0-cp36-cp36m-manylinux1_x86_64.whl", hash = "sha256:e3908b21ebb584ce74a6ac233bdb5f29485752c9d3be5e50c5484ed74169232c"},
    {file = "rjsmin-1.1.0-cp37-cp37m-manylinux1_i686.whl", hash = "sha256:714329db774a90947e0e2086cdddb80d5e8c4ac1c70c9f92436378dedb8ae345"},
    {file = "rjsmin-1.1.0-cp37-cp37m-manylinux1_x86_64.whl", hash = "sha256:dd0f4819df4243ffe4c964995794c79ca43943b5b756de84be92b445a652fb86"},
    {file = "rjsmin-1.1.0.tar.gz", hash = "sha256:b15dc75c71f65d9493a8c7fa233fdcec823e3f1b88ad84a843ffef49b338ac32"},
]
six = [
    {file = "six-1.16.0-py2.py3-none-any.whl", hash = "sha256:8abb2f1d86890a2dfb989f9a77cfcfd3e47c2a354b01111771326f8aa26e0254"},
    {file = "six-1.16.0.tar.gz", hash = "sha256:1e61c37477a1626458e36f7b1d82aa5c9b094fa4802892072e49de9c60c4c926"},
]
sqlparse = [
    {file = "sqlparse-0.4.1-py3-none-any.whl", hash = "sha256:017cde379adbd6a1f15a61873f43e8274179378e95ef3fede90b5aa64d304ed0"},
    {file = "sqlparse-0.4.1.tar.gz", hash = "sha256:0f91fd2e829c44362cbcfab3e9ae12e22badaa8a29ad5ff599f9ec109f0454e8"},
]
urllib3 = [
    {file = "urllib3-1.26.4-py2.py3-none-any.whl", hash = "sha256:2f4da4594db7e1e110a944bb1b551fdf4e6c136ad42e4234131391e21eb5b0df"},
    {file = "urllib3-1.26.4.tar.gz", hash = "sha256:e7b021f7241115872f92f43c6508082facffbd1c048e3c6e2bb9c2a157e28937"},
]
webencodings = [
    {file = "webencodings-0.5.1-py2.py3-none-any.whl", hash = "sha256:a0af1213f3c2226497a97e2b3aa01a7e4bee4f403f95be16fc9acd2947514a78"},
    {file = "webencodings-0.5.1.tar.gz", hash = "sha256:b36a1c245f2d304965eb4e0a82848379241dc04b865afcc4aab16748587e1923"},
]
zipp = [
    {file = "zipp-3.4.1-py3-none-any.whl", hash = "sha256:51cb66cc54621609dd593d1787f286ee42a5c0adbb4b29abea5a63edc3e03098"},
    {file = "zipp-3.4.1.tar.gz", hash = "sha256:3607921face881ba3e026887d8150cca609d517579abe052ac81fc5aeffdbd76"},
]
